
Microsoft Visual Studio Solution File, Format Version 12.00
# Visual Studio 14
VisualStudioVersion = 14.0.25420.1
MinimumVisualStudioVersion = 10.0.40219.1
Project("{FAE04EC0-301F-11D3-BF4B-00C04F79EFBC}") = "KentekenValidator", "KentekenValidator\KentekenValidator.csproj", "{CE2C2474-87AD-4435-A3DA-0A8744A664E3}"
EndProject
Project("{FAE04EC0-301F-11D3-BF4B-00C04F79EFBC}") = "KentekenValidator.unittest", "KentekenValidator.unittest\KentekenValidator.unittest.csproj", "{FDC43617-AF6F-48DB-9AFE-F1E6EFEB6E5C}"
EndProject
Global
	GlobalSection(SolutionConfigurationPlatforms) = preSolution
		Debug|Any CPU = Debug|Any CPU
		Release|Any CPU = Release|Any CPU
	EndGlobalSection
	GlobalSection(ProjectConfigurationPlatforms) = postSolution
		{CE2C2474-87AD-4435-A3DA-0A8744A664E3}.Debug|Any CPU.ActiveCfg = Debug|Any CPU
		{CE2C2474-87AD-4435-A3DA-0A8744A664E3}.Debug|Any CPU.Build.0 = Debug|Any CPU
		{CE2C2474-87AD-4435-A3DA-0A8744A664E3}.Release|Any CPU.ActiveCfg = Release|Any CPU
		{CE2C2474-87AD-4435-A3DA-0A8744A664E3}.Release|Any CPU.Build.0 = Release|Any CPU
		{FDC43617-AF6F-48DB-9AFE-F1E6EFEB6E5C}.Debug|Any CPU.ActiveCfg = Debug|Any CPU
		{FDC43617-AF6F-48DB-9AFE-F1E6EFEB6E5C}.Debug|Any CPU.Build.0 = Debug|Any CPU
		{FDC43617-AF6F-48DB-9AFE-F1E6EFEB6E5C}.Release|Any CPU.ActiveCfg = Release|Any CPU
		{FDC43617-AF6F-48DB-9AFE-F1E6EFEB6E5C}.Release|Any CPU.Build.0 = Release|Any CPU
	EndGlobalSection
	GlobalSection(SolutionProperties) = preSolution
		HideSolutionNode = FALSE
	EndGlobalSection
EndGlobal
